// !$*UTF8*$!
{
	archiveVersion = 1;
	classes = {
	};
	objectVersion = 50;
	objects = {

/* Begin PBXBuildFile section */
		50F38CF525DABE6D005EBE0F /* AppDelegate.swift in Sources */ = {isa = PBXBuildFile; fileRef = 50F38CF425DABE6D005EBE0F /* AppDelegate.swift */; };
		50F38CF725DABE6E005EBE0F /* SceneDelegate.swift in Sources */ = {isa = PBXBuildFile; fileRef = 50F38CF625DABE6E005EBE0F /* SceneDelegate.swift */; };
		50F38CF925DABE6E005EBE0F /* ViewController.swift in Sources */ = {isa = PBXBuildFile; fileRef = 50F38CF825DABE6E005EBE0F /* ViewController.swift */; };
		50F38CFC25DABE6E005EBE0F /* Main.storyboard in Resources */ = {isa = PBXBuildFile; fileRef = 50F38CFA25DABE6E005EBE0F /* Main.storyboard */; };
		50F38CFE25DABE6F005EBE0F /* Assets.xcassets in Resources */ = {isa = PBXBuildFile; fileRef = 50F38CFD25DABE6F005EBE0F /* Assets.xcassets */; };
		50F38D0125DABE6F005EBE0F /* LaunchScreen.storyboard in Resources */ = {isa = PBXBuildFile; fileRef = 50F38CFF25DABE6F005EBE0F /* LaunchScreen.storyboard */; };
		50F38D0C25DABE6F005EBE0F /* CodePath_PreworkTests.swift in Sources */ = {isa = PBXBuildFile; fileRef = 50F38D0B25DABE6F005EBE0F /* CodePath_PreworkTests.swift */; };
		50F38D1725DABE70005EBE0F /* CodePath_PreworkUITests.swift in Sources */ = {isa = PBXBuildFile; fileRef = 50F38D1625DABE70005EBE0F /* CodePath_PreworkUITests.swift */; };
		50F7D9BA25FA678A0060DCF4 /* SettingsViewController.swift in Sources */ = {isa = PBXBuildFile; fileRef = 50F7D9B925FA678A0060DCF4 /* SettingsViewController.swift */; };
/* End PBXBuildFile section */

/* Begin PBXContainerItemProxy section */
		50F38D0825DABE6F005EBE0F /* PBXContainerItemProxy */ = {
			isa = PBXContainerItemProxy;
			containerPortal = 50F38CE925DABE6D005EBE0F /* Project object */;
			proxyType = 1;
			remoteGlobalIDString = 50F38CF025DABE6D005EBE0F;
			remoteInfo = "CodePath-Prework";
		};
		50F38D1325DABE70005EBE0F /* PBXContainerItemProxy */ = {
			isa = PBXContainerItemProxy;
			containerPortal = 50F38CE925DABE6D005EBE0F /* Project object */;
			proxyType = 1;
			remoteGlobalIDString = 50F38CF025DABE6D005EBE0F;
			remoteInfo = "CodePath-Prework";
		};
/* End PBXContainerItemProxy section */

/* Begin PBXFileReference section */
		50F38CF125DABE6D005EBE0F /* CodePath-Prework.app */ = {isa = PBXFileReference; explicitFileType = wrapper.application; includeInIndex = 0; path = "CodePath-Prework.app"; sourceTree = BUILT_PRODUCTS_DIR; };
		50F38CF425DABE6D005EBE0F /* AppDelegate.swift */ = {isa = PBXFileReference; lastKnownFileType = sourcecode.swift; path = AppDelegate.swift; sourceTree = "<group>"; };
		50F38CF625DABE6E005EBE0F /* SceneDelegate.swift */ = {isa = PBXFileReference; lastKnownFileType = sourcecode.swift; path = SceneDelegate.swift; sourceTree = "<group>"; };
		50F38CF825DABE6E005EBE0F /* ViewController.swift */ = {isa = PBXFileReference; lastKnownFileType = sourcecode.swift; path = ViewController.swift; sourceTree = "<group>"; };
		50F38CFB25DABE6E005EBE0F /* Base */ = {isa = PBXFileReference; lastKnownFileType = file.storyboard; name = Base; path = Base.lproj/Main.storyboard; sourceTree = "<group>"; };
		50F38CFD25DABE6F005EBE0F /* Assets.xcassets */ = {isa = PBXFileReference; lastKnownFileType = folder.assetcatalog; path = Assets.xcassets; sourceTree = "<group>"; };
		50F38D0025DABE6F005EBE0F /* Base */ = {isa = PBXFileReference; lastKnownFileType = file.storyboard; name = Base; path = Base.lproj/LaunchScreen.storyboard; sourceTree = "<group>"; };
		50F38D0225DABE6F005EBE0F /* Info.plist */ = {isa = PBXFileReference; lastKnownFileType = text.plist.xml; path = Info.plist; sourceTree = "<group>"; };
		50F38D0725DABE6F005EBE0F /* CodePath-PreworkTests.xctest */ = {isa = PBXFileReference; explicitFileType = wrapper.cfbundle; includeInIndex = 0; path = "CodePath-PreworkTests.xctest"; sourceTree = BUILT_PRODUCTS_DIR; };
		50F38D0B25DABE6F005EBE0F /* CodePath_PreworkTests.swift */ = {isa = PBXFileReference; lastKnownFileType = sourcecode.swift; path = CodePath_PreworkTests.swift; sourceTree = "<group>"; };
		50F38D0D25DABE6F005EBE0F /* Info.plist */ = {isa = PBXFileReference; lastKnownFileType = text.plist.xml; path = Info.plist; sourceTree = "<group>"; };
		50F38D1225DABE70005EBE0F /* CodePath-PreworkUITests.xctest */ = {isa = PBXFileReference; explicitFileType = wrapper.cfbundle; includeInIndex = 0; path = "CodePath-PreworkUITests.xctest"; sourceTree = BUILT_PRODUCTS_DIR; };
		50F38D1625DABE70005EBE0F /* CodePath_PreworkUITests.swift */ = {isa = PBXFileReference; lastKnownFileType = sourcecode.swift; path = CodePath_PreworkUITests.swift; sourceTree = "<group>"; };
		50F38D1825DABE70005EBE0F /* Info.plist */ = {isa = PBXFileReference; lastKnownFileType = text.plist.xml; path = Info.plist; sourceTree = "<group>"; };
		50F7D9B925FA678A0060DCF4 /* SettingsViewController.swift */ = {isa = PBXFileReference; lastKnownFileType = sourcecode.swift; path = SettingsViewController.swift; sourceTree = "<group>"; };
/* End PBXFileReference section */

/* Begin PBXFrameworksBuildPhase section */
		50F38CEE25DABE6D005EBE0F /* Frameworks */ = {
			isa = PBXFrameworksBuildPhase;
			buildActionMask = 2147483647;
			files = (
			);
			runOnlyForDeploymentPostprocessing = 0;
		};
		50F38D0425DABE6F005EBE0F /* Frameworks */ = {
			isa = PBXFrameworksBuildPhase;
			buildActionMask = 2147483647;
			files = (
			);
			runOnlyForDeploymentPostprocessing = 0;
		};
		50F38D0F25DABE6F005EBE0F /* Frameworks */ = {
			isa = PBXFrameworksBuildPhase;
			buildActionMask = 2147483647;
			files = (
			);
			runOnlyForDeploymentPostprocessing = 0;
		};
/* End PBXFrameworksBuildPhase section */

/* Begin PBXGroup section */
		50F38CE825DABE6D005EBE0F = {
			isa = PBXGroup;
			children = (
				50F38CF325DABE6D005EBE0F /* CodePath-Prework */,
				50F38D0A25DABE6F005EBE0F /* CodePath-PreworkTests */,
				50F38D1525DABE70005EBE0F /* CodePath-PreworkUITests */,
				50F38CF225DABE6D005EBE0F /* Products */,
			);
			sourceTree = "<group>";
		};
		50F38CF225DABE6D005EBE0F /* Products */ = {
			isa = PBXGroup;
			children = (
				50F38CF125DABE6D005EBE0F /* CodePath-Prework.app */,
				50F38D0725DABE6F005EBE0F /* CodePath-PreworkTests.xctest */,
				50F38D1225DABE70005EBE0F /* CodePath-PreworkUITests.xctest */,
			);
			name = Products;
			sourceTree = "<group>";
		};
		50F38CF325DABE6D005EBE0F /* CodePath-Prework */ = {
			isa = PBXGroup;
			children = (
				50F38CF425DABE6D005EBE0F /* AppDelegate.swift */,
				50F38CF625DABE6E005EBE0F /* SceneDelegate.swift */,
				50F38CF825DABE6E005EBE0F /* ViewController.swift */,
				50F38CFA25DABE6E005EBE0F /* Main.storyboard */,
				50F7D9B925FA678A0060DCF4 /* SettingsViewController.swift */,
				50F38CFD25DABE6F005EBE0F /* Assets.xcassets */,
				50F38CFF25DABE6F005EBE0F /* LaunchScreen.storyboard */,
				50F38D0225DABE6F005EBE0F /* Info.plist */,
			);
			path = "CodePath-Prework";
			sourceTree = "<group>";
		};
		50F38D0A25DABE6F005EBE0F /* CodePath-PreworkTests */ = {
			isa = PBXGroup;
			children = (
				50F38D0B25DABE6F005EBE0F /* CodePath_PreworkTests.swift */,
				50F38D0D25DABE6F005EBE0F /* Info.plist */,
			);
			path = "CodePath-PreworkTests";
			sourceTree = "<group>";
		};
		50F38D1525DABE70005EBE0F /* CodePath-PreworkUITests */ = {
			isa = PBXGroup;
			children = (
				50F38D1625DABE70005EBE0F /* CodePath_PreworkUITests.swift */,
				50F38D1825DABE70005EBE0F /* Info.plist */,
			);
			path = "CodePath-PreworkUITests";
			sourceTree = "<group>";
		};
/* End PBXGroup section */

/* Begin PBXNativeTarget section */
		50F38CF025DABE6D005EBE0F /* CodePath-Prework */ = {
			isa = PBXNativeTarget;
			buildConfigurationList = 50F38D1B25DABE70005EBE0F /* Build configuration list for PBXNativeTarget "CodePath-Prework" */;
			buildPhases = (
				50F38CED25DABE6D005EBE0F /* Sources */,
				50F38CEE25DABE6D005EBE0F /* Frameworks */,
				50F38CEF25DABE6D005EBE0F /* Resources */,
			);
			buildRules = (
			);
			dependencies = (
			);
			name = "CodePath-Prework";
			productName = "CodePath-Prework";
			productReference = 50F38CF125DABE6D005EBE0F /* CodePath-Prework.app */;
			productType = "com.apple.product-type.application";
		};
		50F38D0625DABE6F005EBE0F /* CodePath-PreworkTests */ = {
			isa = PBXNativeTarget;
			buildConfigurationList = 50F38D1E25DABE70005EBE0F /* Build configuration list for PBXNativeTarget "CodePath-PreworkTests" */;
			buildPhases = (
				50F38D0325DABE6F005EBE0F /* Sources */,
				50F38D0425DABE6F005EBE0F /* Frameworks */,
				50F38D0525DABE6F005EBE0F /* Resources */,
			);
			buildRules = (
			);
			dependencies = (
				50F38D0925DABE6F005EBE0F /* PBXTargetDependency */,
			);
			name = "CodePath-PreworkTests";
			productName = "CodePath-PreworkTests";
			productReference = 50F38D0725DABE6F005EBE0F /* CodePath-PreworkTests.xctest */;
			productType = "com.apple.product-type.bundle.unit-test";
		};
		50F38D1125DABE6F005EBE0F /* CodePath-PreworkUITests */ = {
			isa = PBXNativeTarget;
			buildConfigurationList = 50F38D2125DABE70005EBE0F /* Build configuration list for PBXNativeTarget "CodePath-PreworkUITests" */;
			buildPhases = (
				50F38D0E25DABE6F005EBE0F /* Sources */,
				50F38D0F25DABE6F005EBE0F /* Frameworks */,
				50F38D1025DABE6F005EBE0F /* Resources */,
			);
			buildRules = (
			);
			dependencies = (
				50F38D1425DABE70005EBE0F /* PBXTargetDependency */,
			);
			name = "CodePath-PreworkUITests";
			productName = "CodePath-PreworkUITests";
			productReference = 50F38D1225DABE70005EBE0F /* CodePath-PreworkUITests.xctest */;
			productType = "com.apple.product-type.bundle.ui-testing";
		};
/* End PBXNativeTarget section */

/* Begin PBXProject section */
		50F38CE925DABE6D005EBE0F /* Project object */ = {
			isa = PBXProject;
			attributes = {
				LastSwiftUpdateCheck = 1240;
				LastUpgradeCheck = 1240;
				TargetAttributes = {
					50F38CF025DABE6D005EBE0F = {
						CreatedOnToolsVersion = 12.4;
					};
					50F38D0625DABE6F005EBE0F = {
						CreatedOnToolsVersion = 12.4;
						TestTargetID = 50F38CF025DABE6D005EBE0F;
					};
					50F38D1125DABE6F005EBE0F = {
						CreatedOnToolsVersion = 12.4;
						TestTargetID = 50F38CF025DABE6D005EBE0F;
					};
				};
			};
			buildConfigurationList = 50F38CEC25DABE6D005EBE0F /* Build configuration list for PBXProject "CodePath-Prework" */;
			compatibilityVersion = "Xcode 9.3";
			developmentRegion = en;
			hasScannedForEncodings = 0;
			knownRegions = (
				en,
				Base,
			);
			mainGroup = 50F38CE825DABE6D005EBE0F;
			productRefGroup = 50F38CF225DABE6D005EBE0F /* Products */;
			projectDirPath = "";
			projectRoot = "";
			targets = (
				50F38CF025DABE6D005EBE0F /* CodePath-Prework */,
				50F38D0625DABE6F005EBE0F /* CodePath-PreworkTests */,
				50F38D1125DABE6F005EBE0F /* CodePath-PreworkUITests */,
			);
		};
/* End PBXProject section */

/* Begin PBXResourcesBuildPhase section */
		50F38CEF25DABE6D005EBE0F /* Resources */ = {
			isa = PBXResourcesBuildPhase;
			buildActionMask = 2147483647;
			files = (
				50F38D0125DABE6F005EBE0F /* LaunchScreen.storyboard in Resources */,
				50F38CFE25DABE6F005EBE0F /* Assets.xcassets in Resources */,
				50F38CFC25DABE6E005EBE0F /* Main.storyboard in Resources */,
			);
			runOnlyForDeploymentPostprocessing = 0;
		};
		50F38D0525DABE6F005EBE0F /* Resources */ = {
			isa = PBXResourcesBuildPhase;
			buildActionMask = 2147483647;
			files = (
			);
			runOnlyForDeploymentPostprocessing = 0;
		};
		50F38D1025DABE6F005EBE0F /* Resources */ = {
			isa = PBXResourcesBuildPhase;
			buildActionMask = 2147483647;
			files = (
			);
			runOnlyForDeploymentPostprocessing = 0;
		};
/* End PBXResourcesBuildPhase section */

/* Begin PBXSourcesBuildPhase section */
		50F38CED25DABE6D005EBE0F /* Sources */ = {
			isa = PBXSourcesBuildPhase;
			buildActionMask = 2147483647;
			files = (
				50F38CF925DABE6E005EBE0F /* ViewController.swift in Sources */,
				50F38CF525DABE6D005EBE0F /* AppDelegate.swift in Sources */,
				50F38CF725DABE6E005EBE0F /* SceneDelegate.swift in Sources */,
				50F7D9BA25FA678A0060DCF4 /* SettingsViewController.swift in Sources */,
			);
			runOnlyForDeploymentPostprocessing = 0;
		};
		50F38D0325DABE6F005EBE0F /* Sources */ = {
			isa = PBXSourcesBuildPhase;
			buildActionMask = 2147483647;
			files = (
				50F38D0C25DABE6F005EBE0F /* CodePath_PreworkTests.swift in Sources */,
			);
			runOnlyForDeploymentPostprocessing = 0;
		};
		50F38D0E25DABE6F005EBE0F /* Sources */ = {
			isa = PBXSourcesBuildPhase;
			buildActionMask = 2147483647;
			files = (
				50F38D1725DABE70005EBE0F /* CodePath_PreworkUITests.swift in Sources */,
			);
			runOnlyForDeploymentPostprocessing = 0;
		};
/* End PBXSourcesBuildPhase section */

/* Begin PBXTargetDependency section */
		50F38D0925DABE6F005EBE0F /* PBXTargetDependency */ = {
			isa = PBXTargetDependency;
			target = 50F38CF025DABE6D005EBE0F /* CodePath-Prework */;
			targetProxy = 50F38D0825DABE6F005EBE0F /* PBXContainerItemProxy */;
		};
		50F38D1425DABE70005EBE0F /* PBXTargetDependency */ = {
			isa = PBXTargetDependency;
			target = 50F38CF025DABE6D005EBE0F /* CodePath-Prework */;
			targetProxy = 50F38D1325DABE70005EBE0F /* PBXContainerItemProxy */;
		};
/* End PBXTargetDependency section */

/* Begin PBXVariantGroup section */
		50F38CFA25DABE6E005EBE0F /* Main.storyboard */ = {
			isa = PBXVariantGroup;
			children = (
				50F38CFB25DABE6E005EBE0F /* Base */,
			);
			name = Main.storyboard;
			sourceTree = "<group>";
		};
		50F38CFF25DABE6F005EBE0F /* LaunchScreen.storyboard */ = {
			isa = PBXVariantGroup;
			children = (
				50F38D0025DABE6F005EBE0F /* Base */,
			);
			name = LaunchScreen.storyboard;
			sourceTree = "<group>";
		};
/* End PBXVariantGroup section */

/* Begin XCBuildConfiguration section */
		50F38D1925DABE70005EBE0F /* Debug */ = {
			isa = XCBuildConfiguration;
			buildSettings = {
				ALWAYS_SEARCH_USER_PATHS = NO;
				CLANG_ANALYZER_NONNULL = YES;
				CLANG_ANALYZER_NUMBER_OBJECT_CONVERSION = YES_AGGRESSIVE;
				CLANG_CXX_LANGUAGE_STANDARD = "gnu++14";
				CLANG_CXX_LIBRARY = "libc++";
				CLANG_ENABLE_MODULES = YES;
				CLANG_ENABLE_OBJC_ARC = YES;
				CLANG_ENABLE_OBJC_WEAK = YES;
				CLANG_WARN_BLOCK_CAPTURE_AUTORELEASING = YES;
				CLANG_WARN_BOOL_CONVERSION = YES;
				CLANG_WARN_COMMA = YES;
				CLANG_WARN_CONSTANT_CONVERSION = YES;
				CLANG_WARN_DEPRECATED_OBJC_IMPLEMENTATIONS = YES;
				CLANG_WARN_DIRECT_OBJC_ISA_USAGE = YES_ERROR;
				CLANG_WARN_DOCUMENTATION_COMMENTS = YES;
				CLANG_WARN_EMPTY_BODY = YES;
				CLANG_WARN_ENUM_CONVERSION = YES;
				CLANG_WARN_INFINITE_RECURSION = YES;
				CLANG_WARN_INT_CONVERSION = YES;
				CLANG_WARN_NON_LITERAL_NULL_CONVERSION = YES;
				CLANG_WARN_OBJC_IMPLICIT_RETAIN_SELF = YES;
				CLANG_WARN_OBJC_LITERAL_CONVERSION = YES;
				CLANG_WARN_OBJC_ROOT_CLASS = YES_ERROR;
				CLANG_WARN_QUOTED_INCLUDE_IN_FRAMEWORK_HEADER = YES;
				CLANG_WARN_RANGE_LOOP_ANALYSIS = YES;
				CLANG_WARN_STRICT_PROTOTYPES = YES;
				CLANG_WARN_SUSPICIOUS_MOVE = YES;
				CLANG_WARN_UNGUARDED_AVAILABILITY = YES_AGGRESSIVE;
				CLANG_WARN_UNREACHABLE_CODE = YES;
				CLANG_WARN__DUPLICATE_METHOD_MATCH = YES;
				COPY_PHASE_STRIP = NO;
				DEBUG_INFORMATION_FORMAT = dwarf;
				ENABLE_STRICT_OBJC_MSGSEND = YES;
				ENABLE_TESTABILITY = YES;
				GCC_C_LANGUAGE_STANDARD = gnu11;
				GCC_DYNAMIC_NO_PIC = NO;
				GCC_NO_COMMON_BLOCKS = YES;
				GCC_OPTIMIZATION_LEVEL = 0;
				GCC_PREPROCESSOR_DEFINITIONS = (
					"DEBUG=1",
					"$(inherited)",
				);
				GCC_WARN_64_TO_32_BIT_CONVERSION = YES;
				GCC_WARN_ABOUT_RETURN_TYPE = YES_ERROR;
				GCC_WARN_UNDECLARED_SELECTOR = YES;
				GCC_WARN_UNINITIALIZED_AUTOS = YES_AGGRESSIVE;
				GCC_WARN_UNUSED_FUNCTION = YES;
				GCC_WARN_UNUSED_VARIABLE = YES;
				IPHONEOS_DEPLOYMENT_TARGET = 14.4;
				MTL_ENABLE_DEBUG_INFO = INCLUDE_SOURCE;
				MTL_FAST_MATH = YES;
				ONLY_ACTIVE_ARCH = YES;
				SDKROOT = iphoneos;
				SWIFT_ACTIVE_COMPILATION_CONDITIONS = DEBUG;
				SWIFT_OPTIMIZATION_LEVEL = "-Onone";
			};
			name = Debug;
		};
		50F38D1A25DABE70005EBE0F /* Release */ = {
			isa = XCBuildConfiguration;
			buildSettings = {
				ALWAYS_SEARCH_USER_PATHS = NO;
				CLANG_ANALYZER_NONNULL = YES;
				CLANG_ANALYZER_NUMBER_OBJECT_CONVERSION = YES_AGGRESSIVE;
				CLANG_CXX_LANGUAGE_STANDARD = "gnu++14";
				CLANG_CXX_LIBRARY = "libc++";
				CLANG_ENABLE_MODULES = YES;
				CLANG_ENABLE_OBJC_ARC = YES;
				CLANG_ENABLE_OBJC_WEAK = YES;
				CLANG_WARN_BLOCK_CAPTURE_AUTORELEASING = YES;
				CLANG_WARN_BOOL_CONVERSION = YES;
				CLANG_WARN_COMMA = YES;
				CLANG_WARN_CONSTANT_CONVERSION = YES;
				CLANG_WARN_DEPRECATED_OBJC_IMPLEMENTATIONS = YES;
				CLANG_WARN_DIRECT_OBJC_ISA_USAGE = YES_ERROR;
				CLANG_WARN_DOCUMENTATION_COMMENTS = YES;
				CLANG_WARN_EMPTY_BODY = YES;
				CLANG_WARN_ENUM_CONVERSION = YES;
				CLANG_WARN_INFINITE_RECURSION = YES;
				CLANG_WARN_INT_CONVERSION = YES;
				CLANG_WARN_NON_LITERAL_NULL_CONVERSION = YES;
				CLANG_WARN_OBJC_IMPLICIT_RETAIN_SELF = YES;
				CLANG_WARN_OBJC_LITERAL_CONVERSION = YES;
				CLANG_WARN_OBJC_ROOT_CLASS = YES_ERROR;
				CLANG_WARN_QUOTED_INCLUDE_IN_FRAMEWORK_HEADER = YES;
				CLANG_WARN_RANGE_LOOP_ANALYSIS = YES;
				CLANG_WARN_STRICT_PROTOTYPES = YES;
				CLANG_WARN_SUSPICIOUS_MOVE = YES;
				CLANG_WARN_UNGUARDED_AVAILABILITY = YES_AGGRESSIVE;
				CLANG_WARN_UNREACHABLE_CODE = YES;
				CLANG_WARN__DUPLICATE_METHOD_MATCH = YES;
				COPY_PHASE_STRIP = NO;
				DEBUG_INFORMATION_FORMAT = "dwarf-with-dsym";
				ENABLE_NS_ASSERTIONS = NO;
				ENABLE_STRICT_OBJC_MSGSEND = YES;
				GCC_C_LANGUAGE_STANDARD = gnu11;
				GCC_NO_COMMON_BLOCKS = YES;
				GCC_WARN_64_TO_32_BIT_CONVERSION = YES;
				GCC_WARN_ABOUT_RETURN_TYPE = YES_ERROR;
				GCC_WARN_UNDECLARED_SELECTOR = YES;
				GCC_WARN_UNINITIALIZED_AUTOS = YES_AGGRESSIVE;
				GCC_WARN_UNUSED_FUNCTION = YES;
				GCC_WARN_UNUSED_VARIABLE = YES;
				IPHONEOS_DEPLOYMENT_TARGET = 14.4;
				MTL_ENABLE_DEBUG_INFO = NO;
				MTL_FAST_MATH = YES;
				SDKROOT = iphoneos;
				SWIFT_COMPILATION_MODE = wholemodule;
				SWIFT_OPTIMIZATION_LEVEL = "-O";
				VALIDATE_PRODUCT = YES;
			};
			name = Release;
		};
		50F38D1C25DABE70005EBE0F /* Debug */ = {
			isa = XCBuildConfiguration;
			buildSettings = {
				ASSETCATALOG_COMPILER_APPICON_NAME = AppIcon;
				ASSETCATALOG_COMPILER_GLOBAL_ACCENT_COLOR_NAME = AccentColor;
				CODE_SIGN_STYLE = Automatic;
				DEVELOPMENT_TEAM = 6S9PTHR88Y;
				INFOPLIST_FILE = "CodePath-Prework/Info.plist";
				LD_RUNPATH_SEARCH_PATHS = (
					"$(inherited)",
					"@executable_path/Frameworks",
				);
				PRODUCT_BUNDLE_IDENTIFIER = com.meshachadoe.Calcy;
				PRODUCT_NAME = "$(TARGET_NAME)";
				SWIFT_VERSION = 5.0;
				TARGETED_DEVICE_FAMILY = "1,2";
			};
			name = Debug;
		};
		50F38D1D25DABE70005EBE0F /* Release */ = {
			isa = XCBuildConfiguration;
			buildSettings = {
				ASSETCATALOG_COMPILER_APPICON_NAME = AppIcon;
				ASSETCATALOG_COMPILER_GLOBAL_ACCENT_COLOR_NAME = AccentColor;
				CODE_SIGN_STYLE = Automatic;
				DEVELOPMENT_TEAM = 6S9PTHR88Y;
				INFOPLIST_FILE = "CodePath-Prework/Info.plist";
				LD_RUNPATH_SEARCH_PATHS = (
					"$(inherited)",
					"@executable_path/Frameworks",
				);
				PRODUCT_BUNDLE_IDENTIFIER = com.meshachadoe.Calcy;
				PRODUCT_NAME = "$(TARGET_NAME)";
				SWIFT_VERSION = 5.0;
				TARGETED_DEVICE_FAMILY = "1,2";
			};
			name = Release;
		};
		50F38D1F25DABE70005EBE0F /* Debug */ = {
			isa = XCBuildConfiguration;
			buildSettings = {
				ALWAYS_EMBED_SWIFT_STANDARD_LIBRARIES = YES;
				BUNDLE_LOADER = "$(TEST_HOST)";
				CODE_SIGN_STYLE = Automatic;
				DEVELOPMENT_TEAM = 6S9PTHR88Y;
				INFOPLIST_FILE = "CodePath-PreworkTests/Info.plist";
				IPHONEOS_DEPLOYMENT_TARGET = 14.4;
				LD_RUNPATH_SEARCH_PATHS = (
					"$(inherited)",
					"@executable_path/Frameworks",
					"@loader_path/Frameworks",
				);
				PRODUCT_BUNDLE_IDENTIFIER = "com.meshachadoe.CodePath-PreworkTests";
				PRODUCT_NAME = "$(TARGET_NAME)";
				SWIFT_VERSION = 5.0;
				TARGETED_DEVICE_FAMILY = "1,2";
				TEST_HOST = "$(BUILT_PRODUCTS_DIR)/CodePath-Prework.app/CodePath-Prework";
			};
			name = Debug;
		};
		50F38D2025DABE70005EBE0F /* Release */ = {
			isa = XCBuildConfiguration;
			buildSettings = {
				ALWAYS_EMBED_SWIFT_STANDARD_LIBRARIES = YES;
				BUNDLE_LOADER = "$(TEST_HOST)";
				CODE_SIGN_STYLE = Automatic;
				DEVELOPMENT_TEAM = 6S9PTHR88Y;
				INFOPLIST_FILE = "CodePath-PreworkTests/Info.plist";
				IPHONEOS_DEPLOYMENT_TARGET = 14.4;
				LD_RUNPATH_SEARCH_PATHS = (
					"$(inherited)",
					"@executable_path/Frameworks",
					"@loader_path/Frameworks",
				);
				PRODUCT_BUNDLE_IDENTIFIER = "com.meshachadoe.CodePath-PreworkTests";
				PRODUCT_NAME = "$(TARGET_NAME)";
				SWIFT_VERSION = 5.0;
				TARGETED_DEVICE_FAMILY = "1,2";
				TEST_HOST = "$(BUILT_PRODUCTS_DIR)/CodePath-Prework.app/CodePath-Prework";
			};
			name = Release;
		};
		50F38D2225DABE70005EBE0F /* Debug */ = {
			isa = XCBuildConfiguration;
			buildSettings = {
				ALWAYS_EMBED_SWIFT_STANDARD_LIBRARIES = YES;
				CODE_SIGN_STYLE = Automatic;
				DEVELOPMENT_TEAM = 6S9PTHR88Y;
				INFOPLIST_FILE = "CodePath-PreworkUITests/Info.plist";
				LD_RUNPATH_SEARCH_PATHS = (
					"$(inherited)",
					"@executable_path/Frameworks",
					"@loader_path/Frameworks",
				);
				PRODUCT_BUNDLE_IDENTIFIER = "com.meshachadoe.CodePath-PreworkUITests";
				PRODUCT_NAME = "$(TARGET_NAME)";
				SWIFT_VERSION = 5.0;
				TARGETED_DEVICE_FAMILY = "1,2";
				TEST_TARGET_NAME = "CodePath-Prework";
			};
			name = Debug;
		};
		50F38D2325DABE70005EBE0F /* Release */ = {
			isa = XCBuildConfiguration;
			buildSettings = {
				ALWAYS_EMBED_SWIFT_STANDARD_LIBRARIES = YES;
				CODE_SIGN_STYLE = Automatic;
				DEVELOPMENT_TEAM = 6S9PTHR88Y;
				INFOPLIST_FILE = "CodePath-PreworkUITests/Info.plist";
				LD_RUNPATH_SEARCH_PATHS = (
					"$(inherited)",
					"@executable_path/Frameworks",
					"@loader_path/Frameworks",
				);
				PRODUCT_BUNDLE_IDENTIFIER = "com.meshachadoe.CodePath-PreworkUITests";
				PRODUCT_NAME = "$(TARGET_NAME)";
				SWIFT_VERSION = 5.0;
				TARGETED_DEVICE_FAMILY = "1,2";
				TEST_TARGET_NAME = "CodePath-Prework";
			};
			name = Release;
		};
/* End XCBuildConfiguration section */

/* Begin XCConfigurationList section */
		50F38CEC25DABE6D005EBE0F /* Build configuration list for PBXProject "CodePath-Prework" */ = {
			isa = XCConfigurationList;
			buildConfigurations = (
				50F38D1925DABE70005EBE0F /* Debug */,
				50F38D1A25DABE70005EBE0F /* Release */,
			);
			defaultConfigurationIsVisible = 0;
			defaultConfigurationName = Release;
		};
		50F38D1B25DABE70005EBE0F /* Build configuration list for PBXNativeTarget "CodePath-Prework" */ = {
			isa = XCConfigurationList;
			buildConfigurations = (
				50F38D1C25DABE70005EBE0F /* Debug */,
				50F38D1D25DABE70005EBE0F /* Release */,
			);
			defaultConfigurationIsVisible = 0;
			defaultConfigurationName = Release;
		};
		50F38D1E25DABE70005EBE0F /* Build configuration list for PBXNativeTarget "CodePath-PreworkTests" */ = {
			isa = XCConfigurationList;
			buildConfigurations = (
				50F38D1F25DABE70005EBE0F /* Debug */,
				50F38D2025DABE70005EBE0F /* Release */,
			);
			defaultConfigurationIsVisible = 0;
			defaultConfigurationName = Release;
		};
		50F38D2125DABE70005EBE0F /* Build configuration list for PBXNativeTarget "CodePath-PreworkUITests" */ = {
			isa = XCConfigurationList;
			buildConfigurations = (
				50F38D2225DABE70005EBE0F /* Debug */,
				50F38D2325DABE70005EBE0F /* Release */,
			);
			defaultConfigurationIsVisible = 0;
			defaultConfigurationName = Release;
		};
/* End XCConfigurationList section */
	};
	rootObject = 50F38CE925DABE6D005EBE0F /* Project object */;
}
